
Microsoft Visual Studio Solution File, Format Version 12.00
# Visual Studio 15
VisualStudioVersion = 15.0.27130.2024
MinimumVisualStudioVersion = 10.0.40219.1
Project("{FAE04EC0-301F-11D3-BF4B-00C04F79EFBC}") = "BasketTask", "BasketTask\BasketTask.csproj", "{8765F3B8-6407-4537-9A3C-7793AB7C3062}"
EndProject
Project("{FAE04EC0-301F-11D3-BF4B-00C04F79EFBC}") = "BasketTask.Test", "BasketTask.Test\BasketTask.Test.csproj", "{AF7013CE-AC4C-44DE-8C82-0FF5CACB884A}"
EndProject
Global
	GlobalSection(SolutionConfigurationPlatforms) = preSolution
		Debug|Any CPU = Debug|Any CPU
		Release|Any CPU = Release|Any CPU
	EndGlobalSection
	GlobalSection(ProjectConfigurationPlatforms) = postSolution
		{8765F3B8-6407-4537-9A3C-7793AB7C3062}.Debug|Any CPU.ActiveCfg = Debug|Any CPU
		{8765F3B8-6407-4537-9A3C-7793AB7C3062}.Debug|Any CPU.Build.0 = Debug|Any CPU
		{8765F3B8-6407-4537-9A3C-7793AB7C3062}.Release|Any CPU.ActiveCfg = Release|Any CPU
		{8765F3B8-6407-4537-9A3C-7793AB7C3062}.Release|Any CPU.Build.0 = Release|Any CPU
		{AF7013CE-AC4C-44DE-8C82-0FF5CACB884A}.Debug|Any CPU.ActiveCfg = Debug|Any CPU
		{AF7013CE-AC4C-44DE-8C82-0FF5CACB884A}.Debug|Any CPU.Build.0 = Debug|Any CPU
		{AF7013CE-AC4C-44DE-8C82-0FF5CACB884A}.Release|Any CPU.ActiveCfg = Release|Any CPU
		{AF7013CE-AC4C-44DE-8C82-0FF5CACB884A}.Release|Any CPU.Build.0 = Release|Any CPU
	EndGlobalSection
	GlobalSection(SolutionProperties) = preSolution
		HideSolutionNode = FALSE
	EndGlobalSection
	GlobalSection(ExtensibilityGlobals) = postSolution
		SolutionGuid = {18235579-4788-4403-B4E5-907B7176142D}
	EndGlobalSection
EndGlobal
